<?xml version="1.0" encoding="utf-8"?>
<Project ToolsVersion="4.0" xmlns="http://schemas.microsoft.com/developer/msbuild/2003">
  <ItemGroup>
    <ClCompile Include="game.cpp" />
    <ClCompile Include="surface.cpp">
      <Filter>template code</Filter>
    </ClCompile>
    <ClCompile Include="template.cpp">
      <Filter>template code</Filter>
    </ClCompile>
    <ClCompile Include="Background.cpp">
      <Filter>gui</Filter>
    </ClCompile>
    <ClCompile Include="Planet.cpp">
      <Filter>gui</Filter>
    </ClCompile>
    <ClCompile Include="Player.cpp">
      <Filter>entity</Filter>
    </ClCompile>
    <ClCompile Include="IEntity.cpp">
      <Filter>interfaces</Filter>
    </ClCompile>
    <ClCompile Include="IShip.cpp">
      <Filter>interfaces</Filter>
    </ClCompile>
    <ClCompile Include="Ship.cpp">
      <Filter>entity</Filter>
    </ClCompile>
    <ClCompile Include="Enemy.cpp">
      <Filter>entity</Filter>
    </ClCompile>
    <ClCompile Include="RocketRender.cpp">
      <Filter>entity</Filter>
    </ClCompile>
    <ClCompile Include="Rocket.cpp">
      <Filter>entity</Filter>
    </ClCompile>
  </ItemGroup>
  <ItemGroup>
    <ClInclude Include="game.h" />
    <ClInclude Include="surface.h">
      <Filter>template code</Filter>
    </ClInclude>
    <ClInclude Include="template.h">
      <Filter>template code</Filter>
    </ClInclude>
    <ClInclude Include="Background.h">
      <Filter>gui</Filter>
    </ClInclude>
    <ClInclude Include="Planet.h">
      <Filter>gui</Filter>
    </ClInclude>
    <ClInclude Include="Player.h">
      <Filter>entity</Filter>
    </ClInclude>
    <ClInclude Include="IEntity.h">
      <Filter>interfaces</Filter>
    </ClInclude>
    <ClInclude Include="IShip.h">
      <Filter>interfaces</Filter>
    </ClInclude>
    <ClInclude Include="Ship.h">
      <Filter>entity</Filter>
    </ClInclude>
    <ClInclude Include="Enemy.h">
      <Filter>entity</Filter>
    </ClInclude>
    <ClInclude Include="RocketRender.h">
      <Filter>entity</Filter>
    </ClInclude>
    <ClInclude Include="Rocket.h">
      <Filter>entity</Filter>
    </ClInclude>
  </ItemGroup>
  <ItemGroup>
    <Filter Include="template code">
      <UniqueIdentifier>{bf32dd6e-4be7-4889-8ac6-49e7ee163c40}</UniqueIdentifier>
    </Filter>
    <Filter Include="gui">
      <UniqueIdentifier>{d14b63b5-6438-4b14-9347-05b5dfa2fa0f}</UniqueIdentifier>
    </Filter>
    <Filter Include="entity">
      <UniqueIdentifier>{cb998a85-3878-43aa-9551-e547ccba6a4c}</UniqueIdentifier>
    </Filter>
    <Filter Include="interfaces">
      <UniqueIdentifier>{11f624a5-3b4a-4a30-8d06-c2b9646420c8}</UniqueIdentifier>
    </Filter>
  </ItemGroup>
  <ItemGroup>
    <Text Include="_readme.txt">
      <Filter>template code</Filter>
    </Text>
  </ItemGroup>
</Project>